{
  "name": "whoa-loader",
  "version": "0.0.0",
  "lockfileVersion": 1,
  "requires": true,
  "dependencies": {
    "argparse": {
      "version": "1.0.9",
      "resolved": "https://registry.npmjs.org/argparse/-/argparse-1.0.9.tgz",
      "integrity": "sha1-c9g7wmP4bpf4zE9rrhsOkKfSLIY=",
      "requires": {
        "sprintf-js": "1.0.3"
      }
    },
    "babel-helper-builder-react-jsx": {
      "version": "6.26.0",
      "resolved": "https://registry.npmjs.org/babel-helper-builder-react-jsx/-/babel-helper-builder-react-jsx-6.26.0.tgz",
      "integrity": "sha1-Of+DE7dci2Xc7/HzHTg+D/KkCKA=",
      "dev": true,
      "requires": {
        "babel-runtime": "6.26.0",
        "babel-types": "6.26.0",
        "esutils": "2.0.2"
      }
    },
    "babel-plugin-syntax-jsx": {
      "version": "6.18.0",
      "resolved": "https://registry.npmjs.org/babel-plugin-syntax-jsx/-/babel-plugin-syntax-jsx-6.18.0.tgz",
      "integrity": "sha1-CvMqmm4Tyno/1QaeYtew9Y0NiUY=",
      "dev": true
    },
    "babel-plugin-transform-react-jsx": {
      "version": "6.24.1",
      "resolved": "https://registry.npmjs.org/babel-plugin-transform-react-jsx/-/babel-plugin-transform-react-jsx-6.24.1.tgz",
      "integrity": "sha1-hAoCjn30YN/DotKfDA2R9jduZqM=",
      "dev": true,
      "requires": {
        "babel-helper-builder-react-jsx": "6.26.0",
        "babel-plugin-syntax-jsx": "6.18.0",
        "babel-runtime": "6.26.0"
      }
    },
    "babel-runtime": {
      "version": "6.26.0",
      "resolved": "https://registry.npmjs.org/babel-runtime/-/babel-runtime-6.26.0.tgz",
      "integrity": "sha1-llxwWGaOgrVde/4E/yM3vItWR/4=",
      "dev": true,
      "requires": {
        "core-js": "2.5.1",
        "regenerator-runtime": "0.11.0"
      }
    },
    "babel-types": {
      "version": "6.26.0",
      "resolved": "https://registry.npmjs.org/babel-types/-/babel-types-6.26.0.tgz",
      "integrity": "sha1-o7Bz+Uq0nrb6Vc1lInozQ4BjJJc=",
      "dev": true,
      "requires": {
        "babel-runtime": "6.26.0",
        "esutils": "2.0.2",
        "lodash": "4.17.4",
        "to-fast-properties": "1.0.3"
      }
    },
    "bail": {
      "version": "1.0.2",
      "resolved": "https://registry.npmjs.org/bail/-/bail-1.0.2.tgz",
      "integrity": "sha1-99bBcxYwqfnw1NNe0fli4gdKF2Q="
    },
    "character-entities": {
      "version": "1.2.1",
      "resolved": "https://registry.npmjs.org/character-entities/-/character-entities-1.2.1.tgz",
      "integrity": "sha1-92hxvl72bdt/j440eOzDdMJ9bco="
    },
    "character-entities-legacy": {
      "version": "1.1.1",
      "resolved": "https://registry.npmjs.org/character-entities-legacy/-/character-entities-legacy-1.1.1.tgz",
      "integrity": "sha1-9Ad53xoQGHK7UQo9KV4fzPFHIC8="
    },
    "character-reference-invalid": {
      "version": "1.1.1",
      "resolved": "https://registry.npmjs.org/character-reference-invalid/-/character-reference-invalid-1.1.1.tgz",
      "integrity": "sha1-lCg191Dk7GGjCOYMLvjMEBEgLvw="
    },
    "collapse-white-space": {
      "version": "1.0.3",
      "resolved": "https://registry.npmjs.org/collapse-white-space/-/collapse-white-space-1.0.3.tgz",
      "integrity": "sha1-S5BvZw5aljqHt2sOFolkM0G2Ajw="
    },
    "core-js": {
      "version": "2.5.1",
      "resolved": "https://registry.npmjs.org/core-js/-/core-js-2.5.1.tgz",
      "integrity": "sha1-rmh03GaTd4m4B1T/VCjfZoGcpQs=",
      "dev": true
    },
    "esprima": {
      "version": "4.0.0",
      "resolved": "https://registry.npmjs.org/esprima/-/esprima-4.0.0.tgz",
      "integrity": "sha512-oftTcaMu/EGrEIu904mWteKIv8vMuOgGYo7EhVJJN00R/EED9DCua/xxHRdYnKtcECzVg7xOWhflvJMnqcFZjw=="
    },
    "esutils": {
      "version": "2.0.2",
      "resolved": "https://registry.npmjs.org/esutils/-/esutils-2.0.2.tgz",
      "integrity": "sha1-Cr9PHKpbyx96nYrMbepPqqBLrJs=",
      "dev": true
    },
    "extend": {
      "version": "3.0.1",
      "resolved": "https://registry.npmjs.org/extend/-/extend-3.0.1.tgz",
      "integrity": "sha1-p1Xqe8Gt/MWjHOfnYtuq3F5jZEQ="
    },
    "front-matter": {
      "version": "2.2.0",
      "resolved": "https://registry.npmjs.org/front-matter/-/front-matter-2.2.0.tgz",
      "integrity": "sha1-NSBfZ1IkMLEhPvJhSeywaFef44o=",
      "requires": {
        "js-yaml": "3.10.0"
      }
    },
    "function-bind": {
      "version": "1.1.1",
      "resolved": "https://registry.npmjs.org/function-bind/-/function-bind-1.1.1.tgz",
      "integrity": "sha512-yIovAzMX49sF8Yl58fSCWJ5svSLuaibPxXQJFLmBObTuCr0Mf1KiPopGM9NiFjiYBCbfaa2Fh6breQ6ANVTI0A=="
    },
    "has": {
      "version": "1.0.1",
      "resolved": "https://registry.npmjs.org/has/-/has-1.0.1.tgz",
      "integrity": "sha1-hGFzP1OLCDfJNh45qauelwTcLyg=",
      "requires": {
        "function-bind": "1.1.1"
      }
    },
    "inherits": {
      "version": "2.0.3",
      "resolved": "https://registry.npmjs.org/inherits/-/inherits-2.0.3.tgz",
      "integrity": "sha1-Yzwsg+PaQqUC9SRmAiSA9CCCYd4="
    },
    "is-alphabetical": {
      "version": "1.0.1",
      "resolved": "https://registry.npmjs.org/is-alphabetical/-/is-alphabetical-1.0.1.tgz",
      "integrity": "sha1-x3B5zJHU76x3W+EDS/LSQ/lebwg="
    },
    "is-alphanumerical": {
      "version": "1.0.1",
      "resolved": "https://registry.npmjs.org/is-alphanumerical/-/is-alphanumerical-1.0.1.tgz",
      "integrity": "sha1-37SqTRCF4zvbYcLe6cgOnGwZ9Ts=",
      "requires": {
        "is-alphabetical": "1.0.1",
        "is-decimal": "1.0.1"
      }
    },
    "is-buffer": {
      "version": "1.1.5",
      "resolved": "https://registry.npmjs.org/is-buffer/-/is-buffer-1.1.5.tgz",
      "integrity": "sha1-Hzsm72E7IUuIy8ojzGwB2Hlh7sw="
    },
    "is-decimal": {
      "version": "1.0.1",
      "resolved": "https://registry.npmjs.org/is-decimal/-/is-decimal-1.0.1.tgz",
      "integrity": "sha1-9ftqlJlq2ejjdh+/vQkfH8qMToI="
    },
    "is-hexadecimal": {
      "version": "1.0.1",
      "resolved": "https://registry.npmjs.org/is-hexadecimal/-/is-hexadecimal-1.0.1.tgz",
      "integrity": "sha1-bghLvJIGH7sJcexYts5tQE4k2mk="
    },
    "is-plain-obj": {
      "version": "1.1.0",
      "resolved": "https://registry.npmjs.org/is-plain-obj/-/is-plain-obj-1.1.0.tgz",
      "integrity": "sha1-caUMhCnfync8kqOQpKA7OfzVHT4="
    },
    "is-whitespace-character": {
      "version": "1.0.1",
      "resolved": "https://registry.npmjs.org/is-whitespace-character/-/is-whitespace-character-1.0.1.tgz",
      "integrity": "sha1-muAXbzKCtlRXoZks2whPil+DPjs="
    },
    "is-word-character": {
      "version": "1.0.1",
      "resolved": "https://registry.npmjs.org/is-word-character/-/is-word-character-1.0.1.tgz",
      "integrity": "sha1-WgP6HqkazopusMfNdw64bWXIvvs="
    },
    "js-yaml": {
      "version": "3.10.0",
      "resolved": "https://registry.npmjs.org/js-yaml/-/js-yaml-3.10.0.tgz",
      "integrity": "sha512-O2v52ffjLa9VeM43J4XocZE//WT9N0IiwDa3KSHH7Tu8CtH+1qM8SIZvnsTh6v+4yFy5KUY3BHUVwjpfAWsjIA==",
      "requires": {
        "argparse": "1.0.9",
        "esprima": "4.0.0"
      }
    },
    "lodash": {
      "version": "4.17.4",
      "resolved": "https://registry.npmjs.org/lodash/-/lodash-4.17.4.tgz",
      "integrity": "sha1-eCA6TRwyiuHYbcpkYONptX9AVa4=",
      "dev": true
    },
    "markdown-escapes": {
      "version": "1.0.1",
      "resolved": "https://registry.npmjs.org/markdown-escapes/-/markdown-escapes-1.0.1.tgz",
      "integrity": "sha1-GZTfLTr0gR3lmmcUk0wrIpJzRRg="
    },
    "parse-entities": {
      "version": "1.1.1",
      "resolved": "https://registry.npmjs.org/parse-entities/-/parse-entities-1.1.1.tgz",
      "integrity": "sha1-gRLYhHExnyerrk1klksSL+ThuJA=",
      "requires": {
        "character-entities": "1.2.1",
        "character-entities-legacy": "1.1.1",
        "character-reference-invalid": "1.1.1",
        "is-alphanumerical": "1.0.1",
        "is-decimal": "1.0.1",
        "is-hexadecimal": "1.0.1"
      }
    },
    "regenerator-runtime": {
      "version": "0.11.0",
      "resolved": "https://registry.npmjs.org/regenerator-runtime/-/regenerator-runtime-0.11.0.tgz",
      "integrity": "sha512-/aA0kLeRb5N9K0d4fw7ooEbI+xDe+DKD499EQqygGqeS8N3xto15p09uY2xj7ixP81sNPXvRLnAQIqdVStgb1A==",
      "dev": true
    },
    "remark-parse": {
      "version": "3.0.1",
      "resolved": "https://registry.npmjs.org/remark-parse/-/remark-parse-3.0.1.tgz",
      "integrity": "sha1-G5+EGkTY9PvyJGhQJlRZpOs1TIA=",
      "requires": {
        "collapse-white-space": "1.0.3",
        "has": "1.0.1",
        "is-alphabetical": "1.0.1",
        "is-decimal": "1.0.1",
        "is-whitespace-character": "1.0.1",
        "is-word-character": "1.0.1",
        "markdown-escapes": "1.0.1",
        "parse-entities": "1.1.1",
        "repeat-string": "1.6.1",
        "state-toggle": "1.0.0",
        "trim": "0.0.1",
        "trim-trailing-lines": "1.1.0",
        "unherit": "1.1.0",
        "unist-util-remove-position": "1.1.1",
        "vfile-location": "2.0.2",
        "xtend": "4.0.1"
      }
    },
    "repeat-string": {
      "version": "1.6.1",
      "resolved": "https://registry.npmjs.org/repeat-string/-/repeat-string-1.6.1.tgz",
      "integrity": "sha1-jcrkcOHIirwtYA//Sndihtp15jc="
    },
    "replace-ext": {
      "version": "1.0.0",
      "resolved": "https://registry.npmjs.org/replace-ext/-/replace-ext-1.0.0.tgz",
      "integrity": "sha1-3mMSg3P8v3w8z6TeWkgMRaZ5WOs="
    },
    "shortid": {
      "version": "2.2.8",
      "resolved": "https://registry.npmjs.org/shortid/-/shortid-2.2.8.tgz",
      "integrity": "sha1-AzsRfWoul1gE9vCWnb59PQs1UTE="
    },
    "sprintf-js": {
      "version": "1.0.3",
      "resolved": "https://registry.npmjs.org/sprintf-js/-/sprintf-js-1.0.3.tgz",
      "integrity": "sha1-BOaSb2YolTVPPdAVIDYzuFcpfiw="
    },
    "state-toggle": {
      "version": "1.0.0",
      "resolved": "https://registry.npmjs.org/state-toggle/-/state-toggle-1.0.0.tgz",
      "integrity": "sha1-0g+aYWu08MO5i5GSLSW2QKorxCU="
    },
    "to-fast-properties": {
      "version": "1.0.3",
      "resolved": "https://registry.npmjs.org/to-fast-properties/-/to-fast-properties-1.0.3.tgz",
      "integrity": "sha1-uDVx+k2MJbguIxsG46MFXeTKGkc=",
      "dev": true
    },
    "trim": {
      "version": "0.0.1",
      "resolved": "https://registry.npmjs.org/trim/-/trim-0.0.1.tgz",
      "integrity": "sha1-WFhUf2spB1fulczMZm+1AITEYN0="
    },
    "trim-trailing-lines": {
      "version": "1.1.0",
      "resolved": "https://registry.npmjs.org/trim-trailing-lines/-/trim-trailing-lines-1.1.0.tgz",
      "integrity": "sha1-eu+7eAjfnWafbaLkOMrIxGradoQ="
    },
    "trough": {
      "version": "1.0.1",
      "resolved": "https://registry.npmjs.org/trough/-/trough-1.0.1.tgz",
      "integrity": "sha1-qf2LA5Swro//guBjOgo2zK1bX4Y="
    },
    "unherit": {
      "version": "1.1.0",
      "resolved": "https://registry.npmjs.org/unherit/-/unherit-1.1.0.tgz",
      "integrity": "sha1-a5qu379z3xdWrZ4xbdmBiFhAzX0=",
      "requires": {
        "inherits": "2.0.3",
        "xtend": "4.0.1"
      }
    },
    "unified": {
      "version": "6.1.5",
      "resolved": "https://registry.npmjs.org/unified/-/unified-6.1.5.tgz",
      "integrity": "sha1-cWk3hyYhpjE15iztLzrGoGPG+4c=",
      "requires": {
        "bail": "1.0.2",
        "extend": "3.0.1",
        "is-plain-obj": "1.1.0",
        "trough": "1.0.1",
        "vfile": "2.2.0",
        "x-is-function": "1.0.4",
        "x-is-string": "0.1.0"
      }
    },
    "unist-util-remove-position": {
      "version": "1.1.1",
      "resolved": "https://registry.npmjs.org/unist-util-remove-position/-/unist-util-remove-position-1.1.1.tgz",
      "integrity": "sha1-WoXBVV/BugwQG4ZwfRXlD6TIcbs=",
      "requires": {
        "unist-util-visit": "1.1.3"
      }
    },
    "unist-util-stringify-position": {
      "version": "1.1.1",
      "resolved": "https://registry.npmjs.org/unist-util-stringify-position/-/unist-util-stringify-position-1.1.1.tgz",
      "integrity": "sha1-PMvcU2ee7W7PN3fdf14yKcG2qjw="
    },
    "unist-util-visit": {
      "version": "1.1.3",
      "resolved": "https://registry.npmjs.org/unist-util-visit/-/unist-util-visit-1.1.3.tgz",
      "integrity": "sha1-7CaOcxudJ3p5pbWqBkOZDkBdYAs="
    },
    "vfile": {
      "version": "2.2.0",
      "resolved": "https://registry.npmjs.org/vfile/-/vfile-2.2.0.tgz",
      "integrity": "sha1-zkek+zNZIrIz5TXbD32BIdj87U4=",
      "requires": {
        "is-buffer": "1.1.5",
        "replace-ext": "1.0.0",
        "unist-util-stringify-position": "1.1.1"
      }
    },
    "vfile-location": {
      "version": "2.0.2",
      "resolved": "https://registry.npmjs.org/vfile-location/-/vfile-location-2.0.2.tgz",
      "integrity": "sha1-02dcWch3SY5JK0dW/2Xkrxp1IlU="
    },
    "x-is-function": {
      "version": "1.0.4",
      "resolved": "https://registry.npmjs.org/x-is-function/-/x-is-function-1.0.4.tgz",
      "integrity": "sha1-XSlNw9Joy90GJYDgxd93o5HR+h4="
    },
    "x-is-string": {
      "version": "0.1.0",
      "resolved": "https://registry.npmjs.org/x-is-string/-/x-is-string-0.1.0.tgz",
      "integrity": "sha1-R0tQhlrzpJqcRlfwWs0UVFj3fYI="
    },
    "xtend": {
      "version": "4.0.1",
      "resolved": "https://registry.npmjs.org/xtend/-/xtend-4.0.1.tgz",
      "integrity": "sha1-pcbVMr5lbiPbgg77lDofBJmNY68="
    }
  }
}
